// !$*UTF8*$!
{
	archiveVersion = 1;
	classes = {
	};
	objectVersion = 50;
	objects = {

/* Begin PBXBuildFile section */
		831DDBB722B2D7B70078D3ED /* AppDelegate.swift in Sources */ = {isa = PBXBuildFile; fileRef = 831DDBB622B2D7B70078D3ED /* AppDelegate.swift */; };
		831DDBB922B2D7B70078D3ED /* TodoListViewController.swift in Sources */ = {isa = PBXBuildFile; fileRef = 831DDBB822B2D7B70078D3ED /* TodoListViewController.swift */; };
		831DDBBC22B2D7B70078D3ED /* Main.storyboard in Resources */ = {isa = PBXBuildFile; fileRef = 831DDBBA22B2D7B70078D3ED /* Main.storyboard */; };
		831DDBBE22B2D7B80078D3ED /* Assets.xcassets in Resources */ = {isa = PBXBuildFile; fileRef = 831DDBBD22B2D7B80078D3ED /* Assets.xcassets */; };
		831DDBC122B2D7B80078D3ED /* LaunchScreen.storyboard in Resources */ = {isa = PBXBuildFile; fileRef = 831DDBBF22B2D7B80078D3ED /* LaunchScreen.storyboard */; };
		83EDB50D22B977DD00A79141 /* DataModel.xcdatamodeld in Sources */ = {isa = PBXBuildFile; fileRef = 83EDB50B22B977DD00A79141 /* DataModel.xcdatamodeld */; };
		83EDB53022BACA5200A79141 /* CategoryViewController.swift in Sources */ = {isa = PBXBuildFile; fileRef = 83EDB52F22BACA5200A79141 /* CategoryViewController.swift */; };
/* End PBXBuildFile section */

/* Begin PBXFileReference section */
		831DDBB322B2D7B70078D3ED /* Todoey.app */ = {isa = PBXFileReference; explicitFileType = wrapper.application; includeInIndex = 0; path = Todoey.app; sourceTree = BUILT_PRODUCTS_DIR; };
		831DDBB622B2D7B70078D3ED /* AppDelegate.swift */ = {isa = PBXFileReference; lastKnownFileType = sourcecode.swift; path = AppDelegate.swift; sourceTree = "<group>"; };
		831DDBB822B2D7B70078D3ED /* TodoListViewController.swift */ = {isa = PBXFileReference; lastKnownFileType = sourcecode.swift; path = TodoListViewController.swift; sourceTree = "<group>"; };
		831DDBBB22B2D7B70078D3ED /* Base */ = {isa = PBXFileReference; lastKnownFileType = file.storyboard; name = Base; path = Base.lproj/Main.storyboard; sourceTree = "<group>"; };
		831DDBBD22B2D7B80078D3ED /* Assets.xcassets */ = {isa = PBXFileReference; lastKnownFileType = folder.assetcatalog; path = Assets.xcassets; sourceTree = "<group>"; };
		831DDBC022B2D7B80078D3ED /* Base */ = {isa = PBXFileReference; lastKnownFileType = file.storyboard; name = Base; path = Base.lproj/LaunchScreen.storyboard; sourceTree = "<group>"; };
		831DDBC222B2D7B80078D3ED /* Info.plist */ = {isa = PBXFileReference; lastKnownFileType = text.plist.xml; path = Info.plist; sourceTree = "<group>"; };
		83EDB50C22B977DD00A79141 /* DataModel.xcdatamodel */ = {isa = PBXFileReference; lastKnownFileType = wrapper.xcdatamodel; path = DataModel.xcdatamodel; sourceTree = "<group>"; };
		83EDB52F22BACA5200A79141 /* CategoryViewController.swift */ = {isa = PBXFileReference; lastKnownFileType = sourcecode.swift; path = CategoryViewController.swift; sourceTree = "<group>"; };
/* End PBXFileReference section */

/* Begin PBXFrameworksBuildPhase section */
		831DDBB022B2D7B70078D3ED /* Frameworks */ = {
			isa = PBXFrameworksBuildPhase;
			buildActionMask = 2147483647;
			files = (
			);
			runOnlyForDeploymentPostprocessing = 0;
		};
/* End PBXFrameworksBuildPhase section */

/* Begin PBXGroup section */
		831DDBAA22B2D7B60078D3ED = {
			isa = PBXGroup;
			children = (
				831DDBB522B2D7B70078D3ED /* Todoey */,
				831DDBB422B2D7B70078D3ED /* Products */,
			);
			sourceTree = "<group>";
		};
		831DDBB422B2D7B70078D3ED /* Products */ = {
			isa = PBXGroup;
			children = (
				831DDBB322B2D7B70078D3ED /* Todoey.app */,
			);
			name = Products;
			sourceTree = "<group>";
		};
		831DDBB522B2D7B70078D3ED /* Todoey */ = {
			isa = PBXGroup;
			children = (
				831DDBB622B2D7B70078D3ED /* AppDelegate.swift */,
				83EDB50722B9681600A79141 /* Model */,
				83EDB50622B9681300A79141 /* View */,
				83EDB50522B9680E00A79141 /* Controller */,
				83EDB50A22B9687500A79141 /* Supporting FIles */,
				831DDBC222B2D7B80078D3ED /* Info.plist */,
			);
			path = Todoey;
			sourceTree = "<group>";
		};
		83EDB50522B9680E00A79141 /* Controller */ = {
			isa = PBXGroup;
			children = (
				83EDB52F22BACA5200A79141 /* CategoryViewController.swift */,
				831DDBB822B2D7B70078D3ED /* TodoListViewController.swift */,
			);
			path = Controller;
			sourceTree = "<group>";
		};
		83EDB50622B9681300A79141 /* View */ = {
			isa = PBXGroup;
			children = (
				831DDBBA22B2D7B70078D3ED /* Main.storyboard */,
			);
			path = View;
			sourceTree = "<group>";
		};
		83EDB50722B9681600A79141 /* Model */ = {
			isa = PBXGroup;
			children = (
				83EDB50B22B977DD00A79141 /* DataModel.xcdatamodeld */,
			);
			path = Model;
			sourceTree = "<group>";
		};
		83EDB50A22B9687500A79141 /* Supporting FIles */ = {
			isa = PBXGroup;
			children = (
				831DDBBD22B2D7B80078D3ED /* Assets.xcassets */,
				831DDBBF22B2D7B80078D3ED /* LaunchScreen.storyboard */,
			);
			path = "Supporting FIles";
			sourceTree = "<group>";
		};
/* End PBXGroup section */

/* Begin PBXNativeTarget section */
		831DDBB222B2D7B70078D3ED /* Todoey */ = {
			isa = PBXNativeTarget;
			buildConfigurationList = 831DDBC522B2D7B80078D3ED /* Build configuration list for PBXNativeTarget "Todoey" */;
			buildPhases = (
				831DDBAF22B2D7B70078D3ED /* Sources */,
				831DDBB022B2D7B70078D3ED /* Frameworks */,
				831DDBB122B2D7B70078D3ED /* Resources */,
			);
			buildRules = (
			);
			dependencies = (
			);
			name = Todoey;
			productName = Todoey;
			productReference = 831DDBB322B2D7B70078D3ED /* Todoey.app */;
			productType = "com.apple.product-type.application";
		};
/* End PBXNativeTarget section */

/* Begin PBXProject section */
		831DDBAB22B2D7B60078D3ED /* Project object */ = {
			isa = PBXProject;
			attributes = {
				LastSwiftUpdateCheck = 1020;
				LastUpgradeCheck = 1020;
				ORGANIZATIONNAME = "Chris Sluppick";
				TargetAttributes = {
					831DDBB222B2D7B70078D3ED = {
						CreatedOnToolsVersion = 10.2.1;
					};
				};
			};
			buildConfigurationList = 831DDBAE22B2D7B60078D3ED /* Build configuration list for PBXProject "Todoey" */;
			compatibilityVersion = "Xcode 9.3";
			developmentRegion = en;
			hasScannedForEncodings = 0;
			knownRegions = (
				en,
				Base,
			);
			mainGroup = 831DDBAA22B2D7B60078D3ED;
			productRefGroup = 831DDBB422B2D7B70078D3ED /* Products */;
			projectDirPath = "";
			projectRoot = "";
			targets = (
				831DDBB222B2D7B70078D3ED /* Todoey */,
			);
		};
/* End PBXProject section */

/* Begin PBXResourcesBuildPhase section */
		831DDBB122B2D7B70078D3ED /* Resources */ = {
			isa = PBXResourcesBuildPhase;
			buildActionMask = 2147483647;
			files = (
				831DDBC122B2D7B80078D3ED /* LaunchScreen.storyboard in Resources */,
				831DDBBE22B2D7B80078D3ED /* Assets.xcassets in Resources */,
				831DDBBC22B2D7B70078D3ED /* Main.storyboard in Resources */,
			);
			runOnlyForDeploymentPostprocessing = 0;
		};
/* End PBXResourcesBuildPhase section */

/* Begin PBXSourcesBuildPhase section */
		831DDBAF22B2D7B70078D3ED /* Sources */ = {
			isa = PBXSourcesBuildPhase;
			buildActionMask = 2147483647;
			files = (
				83EDB53022BACA5200A79141 /* CategoryViewController.swift in Sources */,
				831DDBB922B2D7B70078D3ED /* TodoListViewController.swift in Sources */,
				83EDB50D22B977DD00A79141 /* DataModel.xcdatamodeld in Sources */,
				831DDBB722B2D7B70078D3ED /* AppDelegate.swift in Sources */,
			);
			runOnlyForDeploymentPostprocessing = 0;
		};
/* End PBXSourcesBuildPhase section */

/* Begin PBXVariantGroup section */
		831DDBBA22B2D7B70078D3ED /* Main.storyboard */ = {
			isa = PBXVariantGroup;
			children = (
				831DDBBB22B2D7B70078D3ED /* Base */,
			);
			name = Main.storyboard;
			sourceTree = "<group>";
		};
		831DDBBF22B2D7B80078D3ED /* LaunchScreen.storyboard */ = {
			isa = PBXVariantGroup;
			children = (
				831DDBC022B2D7B80078D3ED /* Base */,
			);
			name = LaunchScreen.storyboard;
			sourceTree = "<group>";
		};
/* End PBXVariantGroup section */

/* Begin XCBuildConfiguration section */
		831DDBC322B2D7B80078D3ED /* Debug */ = {
			isa = XCBuildConfiguration;
			buildSettings = {
				ALWAYS_SEARCH_USER_PATHS = NO;
				CLANG_ANALYZER_NONNULL = YES;
				CLANG_ANALYZER_NUMBER_OBJECT_CONVERSION = YES_AGGRESSIVE;
				CLANG_CXX_LANGUAGE_STANDARD = "gnu++14";
				CLANG_CXX_LIBRARY = "libc++";
				CLANG_ENABLE_MODULES = YES;
				CLANG_ENABLE_OBJC_ARC = YES;
				CLANG_ENABLE_OBJC_WEAK = YES;
				CLANG_WARN_BLOCK_CAPTURE_AUTORELEASING = YES;
				CLANG_WARN_BOOL_CONVERSION = YES;
				CLANG_WARN_COMMA = YES;
				CLANG_WARN_CONSTANT_CONVERSION = YES;
				CLANG_WARN_DEPRECATED_OBJC_IMPLEMENTATIONS = YES;
				CLANG_WARN_DIRECT_OBJC_ISA_USAGE = YES_ERROR;
				CLANG_WARN_DOCUMENTATION_COMMENTS = YES;
				CLANG_WARN_EMPTY_BODY = YES;
				CLANG_WARN_ENUM_CONVERSION = YES;
				CLANG_WARN_INFINITE_RECURSION = YES;
				CLANG_WARN_INT_CONVERSION = YES;
				CLANG_WARN_NON_LITERAL_NULL_CONVERSION = YES;
				CLANG_WARN_OBJC_IMPLICIT_RETAIN_SELF = YES;
				CLANG_WARN_OBJC_LITERAL_CONVERSION = YES;
				CLANG_WARN_OBJC_ROOT_CLASS = YES_ERROR;
				CLANG_WARN_RANGE_LOOP_ANALYSIS = YES;
				CLANG_WARN_STRICT_PROTOTYPES = YES;
				CLANG_WARN_SUSPICIOUS_MOVE = YES;
				CLANG_WARN_UNGUARDED_AVAILABILITY = YES_AGGRESSIVE;
				CLANG_WARN_UNREACHABLE_CODE = YES;
				CLANG_WARN__DUPLICATE_METHOD_MATCH = YES;
				CODE_SIGN_IDENTITY = "iPhone Developer";
				COPY_PHASE_STRIP = NO;
				DEBUG_INFORMATION_FORMAT = dwarf;
				ENABLE_STRICT_OBJC_MSGSEND = YES;
				ENABLE_TESTABILITY = YES;
				GCC_C_LANGUAGE_STANDARD = gnu11;
				GCC_DYNAMIC_NO_PIC = NO;
				GCC_NO_COMMON_BLOCKS = YES;
				GCC_OPTIMIZATION_LEVEL = 0;
				GCC_PREPROCESSOR_DEFINITIONS = (
					"DEBUG=1",
					"$(inherited)",
				);
				GCC_WARN_64_TO_32_BIT_CONVERSION = YES;
				GCC_WARN_ABOUT_RETURN_TYPE = YES_ERROR;
				GCC_WARN_UNDECLARED_SELECTOR = YES;
				GCC_WARN_UNINITIALIZED_AUTOS = YES_AGGRESSIVE;
				GCC_WARN_UNUSED_FUNCTION = YES;
				GCC_WARN_UNUSED_VARIABLE = YES;
				IPHONEOS_DEPLOYMENT_TARGET = 12.2;
				MTL_ENABLE_DEBUG_INFO = INCLUDE_SOURCE;
				MTL_FAST_MATH = YES;
				ONLY_ACTIVE_ARCH = YES;
				SDKROOT = iphoneos;
				SWIFT_ACTIVE_COMPILATION_CONDITIONS = DEBUG;
				SWIFT_OPTIMIZATION_LEVEL = "-Onone";
			};
			name = Debug;
		};
		831DDBC422B2D7B80078D3ED /* Release */ = {
			isa = XCBuildConfiguration;
			buildSettings = {
				ALWAYS_SEARCH_USER_PATHS = NO;
				CLANG_ANALYZER_NONNULL = YES;
				CLANG_ANALYZER_NUMBER_OBJECT_CONVERSION = YES_AGGRESSIVE;
				CLANG_CXX_LANGUAGE_STANDARD = "gnu++14";
				CLANG_CXX_LIBRARY = "libc++";
				CLANG_ENABLE_MODULES = YES;
				CLANG_ENABLE_OBJC_ARC = YES;
				CLANG_ENABLE_OBJC_WEAK = YES;
				CLANG_WARN_BLOCK_CAPTURE_AUTORELEASING = YES;
				CLANG_WARN_BOOL_CONVERSION = YES;
				CLANG_WARN_COMMA = YES;
				CLANG_WARN_CONSTANT_CONVERSION = YES;
				CLANG_WARN_DEPRECATED_OBJC_IMPLEMENTATIONS = YES;
				CLANG_WARN_DIRECT_OBJC_ISA_USAGE = YES_ERROR;
				CLANG_WARN_DOCUMENTATION_COMMENTS = YES;
				CLANG_WARN_EMPTY_BODY = YES;
				CLANG_WARN_ENUM_CONVERSION = YES;
				CLANG_WARN_INFINITE_RECURSION = YES;
				CLANG_WARN_INT_CONVERSION = YES;
				CLANG_WARN_NON_LITERAL_NULL_CONVERSION = YES;
				CLANG_WARN_OBJC_IMPLICIT_RETAIN_SELF = YES;
				CLANG_WARN_OBJC_LITERAL_CONVERSION = YES;
				CLANG_WARN_OBJC_ROOT_CLASS = YES_ERROR;
				CLANG_WARN_RANGE_LOOP_ANALYSIS = YES;
				CLANG_WARN_STRICT_PROTOTYPES = YES;
				CLANG_WARN_SUSPICIOUS_MOVE = YES;
				CLANG_WARN_UNGUARDED_AVAILABILITY = YES_AGGRESSIVE;
				CLANG_WARN_UNREACHABLE_CODE = YES;
				CLANG_WARN__DUPLICATE_METHOD_MATCH = YES;
				CODE_SIGN_IDENTITY = "iPhone Developer";
				COPY_PHASE_STRIP = NO;
				DEBUG_INFORMATION_FORMAT = "dwarf-with-dsym";
				ENABLE_NS_ASSERTIONS = NO;
				ENABLE_STRICT_OBJC_MSGSEND = YES;
				GCC_C_LANGUAGE_STANDARD = gnu11;
				GCC_NO_COMMON_BLOCKS = YES;
				GCC_WARN_64_TO_32_BIT_CONVERSION = YES;
				GCC_WARN_ABOUT_RETURN_TYPE = YES_ERROR;
				GCC_WARN_UNDECLARED_SELECTOR = YES;
				GCC_WARN_UNINITIALIZED_AUTOS = YES_AGGRESSIVE;
				GCC_WARN_UNUSED_FUNCTION = YES;
				GCC_WARN_UNUSED_VARIABLE = YES;
				IPHONEOS_DEPLOYMENT_TARGET = 12.2;
				MTL_ENABLE_DEBUG_INFO = NO;
				MTL_FAST_MATH = YES;
				SDKROOT = iphoneos;
				SWIFT_COMPILATION_MODE = wholemodule;
				SWIFT_OPTIMIZATION_LEVEL = "-O";
				VALIDATE_PRODUCT = YES;
			};
			name = Release;
		};
		831DDBC622B2D7B80078D3ED /* Debug */ = {
			isa = XCBuildConfiguration;
			buildSettings = {
				ASSETCATALOG_COMPILER_APPICON_NAME = AppIcon;
				CODE_SIGN_STYLE = Automatic;
				DEVELOPMENT_TEAM = Q8A7PL9H2A;
				INFOPLIST_FILE = Todoey/Info.plist;
				LD_RUNPATH_SEARCH_PATHS = (
					"$(inherited)",
					"@executable_path/Frameworks",
				);
				PRODUCT_BUNDLE_IDENTIFIER = com.sluppickdesign.Todoey;
				PRODUCT_NAME = "$(TARGET_NAME)";
				SWIFT_VERSION = 5.0;
				TARGETED_DEVICE_FAMILY = "1,2";
			};
			name = Debug;
		};
		831DDBC722B2D7B80078D3ED /* Release */ = {
			isa = XCBuildConfiguration;
			buildSettings = {
				ASSETCATALOG_COMPILER_APPICON_NAME = AppIcon;
				CODE_SIGN_STYLE = Automatic;
				DEVELOPMENT_TEAM = Q8A7PL9H2A;
				INFOPLIST_FILE = Todoey/Info.plist;
				LD_RUNPATH_SEARCH_PATHS = (
					"$(inherited)",
					"@executable_path/Frameworks",
				);
				PRODUCT_BUNDLE_IDENTIFIER = com.sluppickdesign.Todoey;
				PRODUCT_NAME = "$(TARGET_NAME)";
				SWIFT_VERSION = 5.0;
				TARGETED_DEVICE_FAMILY = "1,2";
			};
			name = Release;
		};
/* End XCBuildConfiguration section */

/* Begin XCConfigurationList section */
		831DDBAE22B2D7B60078D3ED /* Build configuration list for PBXProject "Todoey" */ = {
			isa = XCConfigurationList;
			buildConfigurations = (
				831DDBC322B2D7B80078D3ED /* Debug */,
				831DDBC422B2D7B80078D3ED /* Release */,
			);
			defaultConfigurationIsVisible = 0;
			defaultConfigurationName = Release;
		};
		831DDBC522B2D7B80078D3ED /* Build configuration list for PBXNativeTarget "Todoey" */ = {
			isa = XCConfigurationList;
			buildConfigurations = (
				831DDBC622B2D7B80078D3ED /* Debug */,
				831DDBC722B2D7B80078D3ED /* Release */,
			);
			defaultConfigurationIsVisible = 0;
			defaultConfigurationName = Release;
		};
/* End XCConfigurationList section */

/* Begin XCVersionGroup section */
		83EDB50B22B977DD00A79141 /* DataModel.xcdatamodeld */ = {
			isa = XCVersionGroup;
			children = (
				83EDB50C22B977DD00A79141 /* DataModel.xcdatamodel */,
			);
			currentVersion = 83EDB50C22B977DD00A79141 /* DataModel.xcdatamodel */;
			path = DataModel.xcdatamodeld;
			sourceTree = "<group>";
			versionGroupType = wrapper.xcdatamodel;
		};
/* End XCVersionGroup section */
	};
	rootObject = 831DDBAB22B2D7B60078D3ED /* Project object */;
}
